// !$*UTF8*$!
{
	archiveVersion = 1;
	classes = {
	};
	objectVersion = 50;
	objects = {

/* Begin PBXFileReference section */
		6384538820FED43300A9518C /* 有效的字母异位词.cpp */ = {isa = PBXFileReference; lastKnownFileType = sourcecode.cpp.cpp; path = "有效的字母异位词.cpp"; sourceTree = "<group>"; };
		6384538920FED63F00A9518C /* 电话号码的字母组合.cpp */ = {isa = PBXFileReference; lastKnownFileType = sourcecode.cpp.cpp; path = "电话号码的字母组合.cpp"; sourceTree = "<group>"; };
		6384538A20FED77900A9518C /* 删除排序数组中的重复项.cpp */ = {isa = PBXFileReference; lastKnownFileType = sourcecode.cpp.cpp; path = "删除排序数组中的重复项.cpp"; sourceTree = "<group>"; };
/* End PBXFileReference section */

/* Begin PBXGroup section */
		6384538120FED30E00A9518C = {
			isa = PBXGroup;
			children = (
				6384538820FED43300A9518C /* 有效的字母异位词.cpp */,
				6384538A20FED77900A9518C /* 删除排序数组中的重复项.cpp */,
				6384538920FED63F00A9518C /* 电话号码的字母组合.cpp */,
			);
			sourceTree = "<group>";
		};
/* End PBXGroup section */

/* Begin PBXProject section */
		6384538220FED30E00A9518C /* Project object */ = {
			isa = PBXProject;
			attributes = {
				LastUpgradeCheck = 0940;
			};
			buildConfigurationList = 6384538520FED30E00A9518C /* Build configuration list for PBXProject "Leetcode" */;
			compatibilityVersion = "Xcode 9.3";
			developmentRegion = en;
			hasScannedForEncodings = 0;
			knownRegions = (
				en,
			);
			mainGroup = 6384538120FED30E00A9518C;
			projectDirPath = "";
			projectRoot = "";
			targets = (
			);
		};
/* End PBXProject section */

/* Begin XCBuildConfiguration section */
		6384538620FED30E00A9518C /* Debug */ = {
			isa = XCBuildConfiguration;
			buildSettings = {
			};
			name = Debug;
		};
		6384538720FED30E00A9518C /* Release */ = {
			isa = XCBuildConfiguration;
			buildSettings = {
			};
			name = Release;
		};
/* End XCBuildConfiguration section */

/* Begin XCConfigurationList section */
		6384538520FED30E00A9518C /* Build configuration list for PBXProject "Leetcode" */ = {
			isa = XCConfigurationList;
			buildConfigurations = (
				6384538620FED30E00A9518C /* Debug */,
				6384538720FED30E00A9518C /* Release */,
			);
			defaultConfigurationIsVisible = 0;
			defaultConfigurationName = Release;
		};
/* End XCConfigurationList section */
	};
	rootObject = 6384538220FED30E00A9518C /* Project object */;
}
