// !$*UTF8*$!
{
	archiveVersion = 1;
	classes = {
	};
	objectVersion = 50;
	objects = {

/* Begin PBXFileReference section */
		630F6C532105A56C00656FD2 /* 反转字符串.cpp */ = {isa = PBXFileReference; lastKnownFileType = sourcecode.cpp.cpp; path = "反转字符串.cpp"; sourceTree = "<group>"; };
		630F6C542105A7AA00656FD2 /* 颠倒整数.cpp */ = {isa = PBXFileReference; lastKnownFileType = sourcecode.cpp.cpp; path = "颠倒整数.cpp"; sourceTree = "<group>"; };
		630F6C552105B23100656FD2 /* 字符串中的第一个唯一字符.cpp */ = {isa = PBXFileReference; lastKnownFileType = sourcecode.cpp.cpp; path = "字符串中的第一个唯一字符.cpp"; sourceTree = "<group>"; };
		630F6C562105C03600656FD2 /* 有效的字母异位词.cpp */ = {isa = PBXFileReference; lastKnownFileType = sourcecode.cpp.cpp; path = "有效的字母异位词.cpp"; sourceTree = "<group>"; };
		630F6C572105C0ED00656FD2 /* 验证回文字符串.cpp */ = {isa = PBXFileReference; lastKnownFileType = sourcecode.cpp.cpp; path = "验证回文字符串.cpp"; sourceTree = "<group>"; };
		630F6C582105C5E800656FD2 /* 字符串转整数.cpp */ = {isa = PBXFileReference; lastKnownFileType = sourcecode.cpp.cpp; path = "字符串转整数.cpp"; sourceTree = "<group>"; };
		630F6C592106C09800656FD2 /* 实现strStr().cpp */ = {isa = PBXFileReference; lastKnownFileType = sourcecode.cpp.cpp; path = "实现strStr().cpp"; sourceTree = "<group>"; };
		630F6C5A2106C63600656FD2 /* 数数并说.cpp */ = {isa = PBXFileReference; lastKnownFileType = sourcecode.cpp.cpp; path = "数数并说.cpp"; sourceTree = "<group>"; };
		630F6C5B2106F90000656FD2 /* 最长公共前缀.cpp */ = {isa = PBXFileReference; lastKnownFileType = sourcecode.cpp.cpp; path = "最长公共前缀.cpp"; sourceTree = "<group>"; };
		630F6C5C2108101700656FD2 /* 删除链表中的节点.cpp */ = {isa = PBXFileReference; lastKnownFileType = sourcecode.cpp.cpp; path = "删除链表中的节点.cpp"; sourceTree = "<group>"; };
		630F6C5D2108150B00656FD2 /* 删除链表的倒数第N个节点.cpp */ = {isa = PBXFileReference; lastKnownFileType = sourcecode.cpp.cpp; path = "删除链表的倒数第N个节点.cpp"; sourceTree = "<group>"; };
		630F6C5E21081F5600656FD2 /* 反转链表.cpp */ = {isa = PBXFileReference; lastKnownFileType = sourcecode.cpp.cpp; path = "反转链表.cpp"; sourceTree = "<group>"; };
		630F6C5F21082A3600656FD2 /* 合并两个有序链表.cpp */ = {isa = PBXFileReference; lastKnownFileType = sourcecode.cpp.cpp; path = "合并两个有序链表.cpp"; sourceTree = "<group>"; };
		6320E77F210998FD007B73B4 /* 回文链表.cpp */ = {isa = PBXFileReference; lastKnownFileType = sourcecode.cpp.cpp; path = "回文链表.cpp"; sourceTree = "<group>"; };
		6320E7802109A55F007B73B4 /* 环形链表.cpp */ = {isa = PBXFileReference; lastKnownFileType = sourcecode.cpp.cpp; path = "环形链表.cpp"; sourceTree = "<group>"; };
		635913692109B48100C1D38F /* 二叉树的最大深度.cpp */ = {isa = PBXFileReference; lastKnownFileType = sourcecode.cpp.cpp; path = "二叉树的最大深度.cpp"; sourceTree = "<group>"; };
		63591374210AB43200C1D38F /* 验证二叉搜索树.cpp */ = {isa = PBXFileReference; lastKnownFileType = sourcecode.cpp.cpp; path = "验证二叉搜索树.cpp"; sourceTree = "<group>"; };
		63591375210ABC4400C1D38F /* 对称二叉树.cpp */ = {isa = PBXFileReference; lastKnownFileType = sourcecode.cpp.cpp; path = "对称二叉树.cpp"; sourceTree = "<group>"; };
		63591378210ACA0E00C1D38F /* 二叉树的层次遍历.cpp */ = {isa = PBXFileReference; lastKnownFileType = sourcecode.cpp.cpp; path = "二叉树的层次遍历.cpp"; sourceTree = "<group>"; };
		6384538920FED63F00A9518C /* 电话号码的字母组合.cpp */ = {isa = PBXFileReference; lastKnownFileType = sourcecode.cpp.cpp; path = "电话号码的字母组合.cpp"; sourceTree = "<group>"; };
		6384538A20FED77900A9518C /* 删除排序数组中的重复项.cpp */ = {isa = PBXFileReference; lastKnownFileType = sourcecode.cpp.cpp; path = "删除排序数组中的重复项.cpp"; sourceTree = "<group>"; };
		6384538C20FED7D700A9518C /* 买卖股票的最佳时机 II.cpp */ = {isa = PBXFileReference; lastKnownFileType = sourcecode.cpp.cpp; path = "买卖股票的最佳时机 II.cpp"; sourceTree = "<group>"; };
		6384538D20FED81A00A9518C /* 旋转数组.cpp */ = {isa = PBXFileReference; lastKnownFileType = sourcecode.cpp.cpp; path = "旋转数组.cpp"; sourceTree = "<group>"; };
		638453BD20FF254D00A9518C /* 存在重复.cpp */ = {isa = PBXFileReference; lastKnownFileType = sourcecode.cpp.cpp; path = "存在重复.cpp"; sourceTree = "<group>"; };
		638453C520FF435C00A9518C /* 只出现一次的数字.cpp */ = {isa = PBXFileReference; lastKnownFileType = sourcecode.cpp.cpp; path = "只出现一次的数字.cpp"; sourceTree = "<group>"; };
		638453C621002BF400A9518C /* 两个数组的交集 II.cpp */ = {isa = PBXFileReference; lastKnownFileType = sourcecode.cpp.cpp; path = "两个数组的交集 II.cpp"; sourceTree = "<group>"; };
		63FA08022100643500AD5AB4 /* 加一.cpp */ = {isa = PBXFileReference; lastKnownFileType = sourcecode.cpp.cpp; path = "加一.cpp"; sourceTree = "<group>"; };
		63FA08182100852700AD5AB4 /* 移动零.cpp */ = {isa = PBXFileReference; lastKnownFileType = sourcecode.cpp.cpp; path = "移动零.cpp"; sourceTree = "<group>"; };
		63FA081B2101B0FE00AD5AB4 /* 两数之和.cpp */ = {isa = PBXFileReference; lastKnownFileType = sourcecode.cpp.cpp; path = "两数之和.cpp"; sourceTree = "<group>"; };
		63FA081C2101B22100AD5AB4 /* 有效的数独.cpp */ = {isa = PBXFileReference; lastKnownFileType = sourcecode.cpp.cpp; path = "有效的数独.cpp"; sourceTree = "<group>"; };
		63FA081D2101E7F600AD5AB4 /* 旋转图像.cpp */ = {isa = PBXFileReference; lastKnownFileType = sourcecode.cpp.cpp; path = "旋转图像.cpp"; sourceTree = "<group>"; };
/* End PBXFileReference section */

/* Begin PBXGroup section */
		6384538120FED30E00A9518C = {
			isa = PBXGroup;
			children = (
				6384538C20FED7D700A9518C /* 买卖股票的最佳时机 II.cpp */,
				6384538D20FED81A00A9518C /* 旋转数组.cpp */,
				6384538A20FED77900A9518C /* 删除排序数组中的重复项.cpp */,
				638453BD20FF254D00A9518C /* 存在重复.cpp */,
				638453C520FF435C00A9518C /* 只出现一次的数字.cpp */,
				638453C621002BF400A9518C /* 两个数组的交集 II.cpp */,
				630F6C5C2108101700656FD2 /* 删除链表中的节点.cpp */,
				630F6C5D2108150B00656FD2 /* 删除链表的倒数第N个节点.cpp */,
				6320E77F210998FD007B73B4 /* 回文链表.cpp */,
				6320E7802109A55F007B73B4 /* 环形链表.cpp */,
				635913692109B48100C1D38F /* 二叉树的最大深度.cpp */,
				63591374210AB43200C1D38F /* 验证二叉搜索树.cpp */,
				63591375210ABC4400C1D38F /* 对称二叉树.cpp */,
				63591378210ACA0E00C1D38F /* 二叉树的层次遍历.cpp */,
				630F6C5E21081F5600656FD2 /* 反转链表.cpp */,
				630F6C5F21082A3600656FD2 /* 合并两个有序链表.cpp */,
				63FA08022100643500AD5AB4 /* 加一.cpp */,
				63FA08182100852700AD5AB4 /* 移动零.cpp */,
				63FA081B2101B0FE00AD5AB4 /* 两数之和.cpp */,
				63FA081C2101B22100AD5AB4 /* 有效的数独.cpp */,
				63FA081D2101E7F600AD5AB4 /* 旋转图像.cpp */,
				630F6C532105A56C00656FD2 /* 反转字符串.cpp */,
				630F6C542105A7AA00656FD2 /* 颠倒整数.cpp */,
				630F6C552105B23100656FD2 /* 字符串中的第一个唯一字符.cpp */,
				630F6C562105C03600656FD2 /* 有效的字母异位词.cpp */,
				630F6C572105C0ED00656FD2 /* 验证回文字符串.cpp */,
				630F6C582105C5E800656FD2 /* 字符串转整数.cpp */,
				630F6C592106C09800656FD2 /* 实现strStr().cpp */,
				630F6C5A2106C63600656FD2 /* 数数并说.cpp */,
				630F6C5B2106F90000656FD2 /* 最长公共前缀.cpp */,
				6384538920FED63F00A9518C /* 电话号码的字母组合.cpp */,
			);
			sourceTree = "<group>";
		};
/* End PBXGroup section */

/* Begin PBXProject section */
		6384538220FED30E00A9518C /* Project object */ = {
			isa = PBXProject;
			attributes = {
				LastUpgradeCheck = 0940;
			};
			buildConfigurationList = 6384538520FED30E00A9518C /* Build configuration list for PBXProject "Leetcode" */;
			compatibilityVersion = "Xcode 9.3";
			developmentRegion = en;
			hasScannedForEncodings = 0;
			knownRegions = (
				en,
			);
			mainGroup = 6384538120FED30E00A9518C;
			projectDirPath = "";
			projectRoot = "";
			targets = (
			);
		};
/* End PBXProject section */

/* Begin XCBuildConfiguration section */
		6384538620FED30E00A9518C /* Debug */ = {
			isa = XCBuildConfiguration;
			buildSettings = {
			};
			name = Debug;
		};
		6384538720FED30E00A9518C /* Release */ = {
			isa = XCBuildConfiguration;
			buildSettings = {
			};
			name = Release;
		};
/* End XCBuildConfiguration section */

/* Begin XCConfigurationList section */
		6384538520FED30E00A9518C /* Build configuration list for PBXProject "Leetcode" */ = {
			isa = XCConfigurationList;
			buildConfigurations = (
				6384538620FED30E00A9518C /* Debug */,
				6384538720FED30E00A9518C /* Release */,
			);
			defaultConfigurationIsVisible = 0;
			defaultConfigurationName = Release;
		};
/* End XCConfigurationList section */
	};
	rootObject = 6384538220FED30E00A9518C /* Project object */;
}
